<?xml version="1.0" encoding="utf-8"?>
<Project ToolsVersion="4.0" xmlns="http://schemas.microsoft.com/developer/msbuild/2003">
  <ItemGroup>
    <Filter Include="Source Files">
      <UniqueIdentifier>{4FC737F1-C7A5-4376-A066-2A32D752A2FF}</UniqueIdentifier>
      <Extensions>cpp;c;cc;cxx;def;odl;idl;hpj;bat;asm;asmx</Extensions>
    </Filter>
    <Filter Include="Header Files">
      <UniqueIdentifier>{93995380-89BD-4b04-88EB-625FBE52EBFB}</UniqueIdentifier>
      <Extensions>h;hpp;hxx;hm;inl;inc;xsd</Extensions>
    </Filter>
    <Filter Include="Resource Files">
      <UniqueIdentifier>{67DA6AB6-F800-4c08-8B7A-83BB121AAD01}</UniqueIdentifier>
      <Extensions>rc;ico;cur;bmp;dlg;rc2;rct;bin;rgs;gif;jpg;jpeg;jpe;resx;tiff;tif;png;wav;mfcribbon-ms</Extensions>
    </Filter>
    <Filter Include="Resource Files\Models">
      <UniqueIdentifier>{b2c9b5ad-c017-4f64-86f1-8fea7ff133bc}</UniqueIdentifier>
    </Filter>
    <Filter Include="Resource Files\Shaders">
      <UniqueIdentifier>{6217175f-ac70-4b23-8d04-9c9c4daa944b}</UniqueIdentifier>
    </Filter>
    <Filter Include="Resource Files\Texture">
      <UniqueIdentifier>{74bb480f-e81f-46fa-924a-e13e80ce0a21}</UniqueIdentifier>
    </Filter>
    <Filter Include="Header Files\Menu">
      <UniqueIdentifier>{501d4751-1773-41e2-b3f9-30677a710817}</UniqueIdentifier>
    </Filter>
    <Filter Include="Source Files\Menu">
      <UniqueIdentifier>{82fdef27-366c-4fb1-a803-7953a72bd9e2}</UniqueIdentifier>
    </Filter>
    <Filter Include="Header Files\Objects">
      <UniqueIdentifier>{e11ccf35-80f3-4a41-b623-044724a1b42a}</UniqueIdentifier>
    </Filter>
    <Filter Include="Source Files\Objects">
      <UniqueIdentifier>{084da78f-7f1e-4153-a237-8fffda05841c}</UniqueIdentifier>
    </Filter>
    <Filter Include="Source Files\Devices">
      <UniqueIdentifier>{f0aa9fb5-8852-4493-b2ce-d535b618ed52}</UniqueIdentifier>
    </Filter>
    <Filter Include="Header Files\Devices">
      <UniqueIdentifier>{2d5163e5-1221-4392-944f-816359742d45}</UniqueIdentifier>
    </Filter>
    <Filter Include="Source Files\Game">
      <UniqueIdentifier>{5596b58d-e9f8-4ed9-b150-ae37e5bf3688}</UniqueIdentifier>
    </Filter>
    <Filter Include="Header Files\Game">
      <UniqueIdentifier>{336724ef-f818-4566-93a5-2dd5d0dc35fe}</UniqueIdentifier>
    </Filter>
    <Filter Include="Header Files\Audio / FMOD">
      <UniqueIdentifier>{c84cf7ab-d9ef-4073-8d96-fc3c87c3ce6c}</UniqueIdentifier>
    </Filter>
    <Filter Include="Source Files\Audio / FMOD">
      <UniqueIdentifier>{aaeadf16-5df0-47ad-8a4f-ba310e77b6d1}</UniqueIdentifier>
    </Filter>
  </ItemGroup>
  <ItemGroup>
    <ClCompile Include="winMain.cpp">
      <Filter>Source Files</Filter>
    </ClCompile>
    <ClCompile Include="Camera.cpp">
      <Filter>Source Files</Filter>
    </ClCompile>
    <ClCompile Include="BaseMenu.cpp">
      <Filter>Source Files\Menu</Filter>
    </ClCompile>
    <ClCompile Include="MenuMain.cpp">
      <Filter>Source Files\Menu</Filter>
    </ClCompile>
    <ClCompile Include="OptionsMenu.cpp">
      <Filter>Source Files\Menu</Filter>
    </ClCompile>
    <ClCompile Include="PauseMenu.cpp">
      <Filter>Source Files\Menu</Filter>
    </ClCompile>
    <ClCompile Include="Item.cpp">
      <Filter>Source Files\Objects</Filter>
    </ClCompile>
    <ClCompile Include="Object_Base.cpp">
      <Filter>Source Files\Objects</Filter>
    </ClCompile>
    <ClCompile Include="Object_Player.cpp">
      <Filter>Source Files\Objects</Filter>
    </ClCompile>
    <ClCompile Include="CameraObj.cpp">
      <Filter>Source Files\Devices</Filter>
    </ClCompile>
    <ClCompile Include="DirectInput.cpp">
      <Filter>Source Files\Devices</Filter>
    </ClCompile>
    <ClCompile Include="HUD.cpp">
      <Filter>Source Files\Game</Filter>
    </ClCompile>
    <ClCompile Include="GameStateManager.cpp">
      <Filter>Source Files\Game</Filter>
    </ClCompile>
    <ClCompile Include="HavokCore.cpp">
      <Filter>Source Files\Game</Filter>
    </ClCompile>
    <ClCompile Include="Mesh.cpp">
      <Filter>Source Files\Game</Filter>
    </ClCompile>
    <ClCompile Include="DirectXFramework.cpp">
      <Filter>Source Files\Game</Filter>
    </ClCompile>
    <ClCompile Include="AudioManager.cpp">
      <Filter>Source Files\Audio / FMOD</Filter>
    </ClCompile>
    <ClCompile Include="SoundEffect.cpp">
      <Filter>Source Files\Audio / FMOD</Filter>
    </ClCompile>
    <ClCompile Include="SoundLoader.cpp">
      <Filter>Source Files\Audio / FMOD</Filter>
    </ClCompile>
  </ItemGroup>
  <ItemGroup>
    <ClInclude Include="Camera.h">
      <Filter>Header Files</Filter>
    </ClInclude>
    <ClInclude Include="BaseMenu.h">
      <Filter>Header Files\Menu</Filter>
    </ClInclude>
    <ClInclude Include="MenuMain.h">
      <Filter>Header Files\Menu</Filter>
    </ClInclude>
    <ClInclude Include="OptionsMenu.h">
      <Filter>Header Files\Menu</Filter>
    </ClInclude>
    <ClInclude Include="PauseMenu.h">
      <Filter>Header Files\Menu</Filter>
    </ClInclude>
    <ClInclude Include="Object_Base.h">
      <Filter>Header Files\Objects</Filter>
    </ClInclude>
    <ClInclude Include="Object_Player.h">
      <Filter>Header Files\Objects</Filter>
    </ClInclude>
    <ClInclude Include="Item.h">
      <Filter>Header Files\Objects</Filter>
    </ClInclude>
    <ClInclude Include="CameraObj.h">
      <Filter>Header Files\Devices</Filter>
    </ClInclude>
    <ClInclude Include="DirectInput.h">
      <Filter>Header Files\Devices</Filter>
    </ClInclude>
    <ClInclude Include="GameStateManager.h">
      <Filter>Header Files\Game</Filter>
    </ClInclude>
    <ClInclude Include="HUD.h">
      <Filter>Header Files\Game</Filter>
    </ClInclude>
    <ClInclude Include="HavokCore.h">
      <Filter>Header Files\Game</Filter>
    </ClInclude>
    <ClInclude Include="Mesh.h">
      <Filter>Header Files\Game</Filter>
    </ClInclude>
    <ClInclude Include="DirectXFramework.h">
      <Filter>Header Files\Game</Filter>
    </ClInclude>
    <ClInclude Include="AudioManager.h">
      <Filter>Header Files\Audio / FMOD</Filter>
    </ClInclude>
    <ClInclude Include="fmod.h">
      <Filter>Header Files\Audio / FMOD</Filter>
    </ClInclude>
    <ClInclude Include="fmod.hpp">
      <Filter>Header Files\Audio / FMOD</Filter>
    </ClInclude>
    <ClInclude Include="fmod_codec.h">
      <Filter>Header Files\Audio / FMOD</Filter>
    </ClInclude>
    <ClInclude Include="fmod_dsp.h">
      <Filter>Header Files\Audio / FMOD</Filter>
    </ClInclude>
    <ClInclude Include="fmod_errors.h">
      <Filter>Header Files\Audio / FMOD</Filter>
    </ClInclude>
    <ClInclude Include="fmod_memoryinfo.h">
      <Filter>Header Files\Audio / FMOD</Filter>
    </ClInclude>
    <ClInclude Include="fmod_output.h">
      <Filter>Header Files\Audio / FMOD</Filter>
    </ClInclude>
    <ClInclude Include="SoundEffect.h">
      <Filter>Header Files\Audio / FMOD</Filter>
    </ClInclude>
    <ClInclude Include="SoundLoader.h">
      <Filter>Header Files\Audio / FMOD</Filter>
    </ClInclude>
  </ItemGroup>
  <ItemGroup>
    <None Include="GirRobot.X">
      <Filter>Resource Files\Models</Filter>
    </None>
    <None Include="defaulteffect.fx">
      <Filter>Resource Files\Shaders</Filter>
    </None>
    <None Include="Parallax.fx">
      <Filter>Resource Files\Shaders</Filter>
    </None>
    <None Include="ToonColored.fx">
      <Filter>Resource Files\Shaders</Filter>
    </None>
    <None Include="Metal_Texture.jpg">
      <Filter>Resource Files\Texture</Filter>
    </None>
    <None Include="Armor.dds">
      <Filter>Resource Files\Texture</Filter>
    </None>
    <None Include="Body.dds">
      <Filter>Resource Files\Texture</Filter>
    </None>
    <None Include="DwarfHead.dds">
      <Filter>Resource Files\Texture</Filter>
    </None>
    <None Include="Headgear.dds">
      <Filter>Resource Files\Texture</Filter>
    </None>
    <None Include="Helmet.dds">
      <Filter>Resource Files\Texture</Filter>
    </None>
    <None Include="Pack.dds">
      <Filter>Resource Files\Texture</Filter>
    </None>
    <None Include="Weapons.dds">
      <Filter>Resource Files\Texture</Filter>
    </None>
    <None Include="Dwarf.x">
      <Filter>Resource Files\Models</Filter>
    </None>
    <None Include="House.X">
      <Filter>Resource Files\Models</Filter>
    </None>
    <None Include="TestShader.txt">
      <Filter>Resource Files\Shaders</Filter>
    </None>
    <None Include="fmodex.dll">
      <Filter>Header Files\Audio / FMOD</Filter>
    </None>
    <None Include="fmodexL.dll">
      <Filter>Header Files\Audio / FMOD</Filter>
    </None>
  </ItemGroup>
  <ItemGroup>
    <Library Include="fmodex_vc.lib">
      <Filter>Header Files\Audio / FMOD</Filter>
    </Library>
  </ItemGroup>
</Project>