<?xml version="1.0" encoding="utf-8"?>
<Project ToolsVersion="4.0" xmlns="http://schemas.microsoft.com/developer/msbuild/2003">
  <ItemGroup>
    <Filter Include="Source Files">
      <UniqueIdentifier>{4FC737F1-C7A5-4376-A066-2A32D752A2FF}</UniqueIdentifier>
      <Extensions>cpp;c;cc;cxx;def;odl;idl;hpj;bat;asm;asmx</Extensions>
    </Filter>
    <Filter Include="Header Files">
      <UniqueIdentifier>{93995380-89BD-4b04-88EB-625FBE52EBFB}</UniqueIdentifier>
      <Extensions>h;hpp;hxx;hm;inl;inc;xsd</Extensions>
    </Filter>
    <Filter Include="Resource Files">
      <UniqueIdentifier>{67DA6AB6-F800-4c08-8B7A-83BB121AAD01}</UniqueIdentifier>
      <Extensions>rc;ico;cur;bmp;dlg;rc2;rct;bin;rgs;gif;jpg;jpeg;jpe;resx;tiff;tif;png;wav;mfcribbon-ms</Extensions>
    </Filter>
    <Filter Include="Resource Files\Models">
      <UniqueIdentifier>{b2c9b5ad-c017-4f64-86f1-8fea7ff133bc}</UniqueIdentifier>
    </Filter>
    <Filter Include="Resource Files\Shaders">
      <UniqueIdentifier>{6217175f-ac70-4b23-8d04-9c9c4daa944b}</UniqueIdentifier>
    </Filter>
    <Filter Include="Resource Files\Texture">
      <UniqueIdentifier>{74bb480f-e81f-46fa-924a-e13e80ce0a21}</UniqueIdentifier>
    </Filter>
  </ItemGroup>
  <ItemGroup>
    <ClCompile Include="winMain.cpp">
      <Filter>Source Files</Filter>
    </ClCompile>
    <ClCompile Include="DirectXFramework.cpp">
      <Filter>Source Files</Filter>
    </ClCompile>
    <ClCompile Include="HavokCore.cpp">
      <Filter>Source Files</Filter>
    </ClCompile>
    <ClCompile Include="Mesh.cpp">
      <Filter>Source Files</Filter>
    </ClCompile>
    <ClCompile Include="Vertex.cpp">
      <Filter>Source Files</Filter>
    </ClCompile>
    <ClCompile Include="Object_Base.cpp">
      <Filter>Source Files</Filter>
    </ClCompile>
    <ClCompile Include="Item.cpp">
      <Filter>Source Files</Filter>
    </ClCompile>
  </ItemGroup>
  <ItemGroup>
    <ClInclude Include="DirectXFramework.h">
      <Filter>Header Files</Filter>
    </ClInclude>
    <ClInclude Include="HavokCore.h">
      <Filter>Header Files</Filter>
    </ClInclude>
    <ClInclude Include="Mesh.h">
      <Filter>Header Files</Filter>
    </ClInclude>
    <ClInclude Include="Vertex.h">
      <Filter>Header Files</Filter>
    </ClInclude>
    <ClInclude Include="Object_Base.h">
      <Filter>Header Files</Filter>
    </ClInclude>
    <ClInclude Include="Item.h">
      <Filter>Header Files</Filter>
    </ClInclude>
  </ItemGroup>
  <ItemGroup>
    <None Include="GirRobot.X">
      <Filter>Resource Files\Models</Filter>
    </None>
    <None Include="defaulteffect.fx">
      <Filter>Resource Files\Shaders</Filter>
    </None>
    <None Include="Parallax.fx">
      <Filter>Resource Files\Shaders</Filter>
    </None>
    <None Include="ToonColored.fx">
      <Filter>Resource Files\Shaders</Filter>
    </None>
    <None Include="Metal_Texture.jpg">
      <Filter>Resource Files\Texture</Filter>
    </None>
    <None Include="Armor.dds">
      <Filter>Resource Files\Texture</Filter>
    </None>
    <None Include="Body.dds">
      <Filter>Resource Files\Texture</Filter>
    </None>
    <None Include="DwarfHead.dds">
      <Filter>Resource Files\Texture</Filter>
    </None>
    <None Include="Headgear.dds">
      <Filter>Resource Files\Texture</Filter>
    </None>
    <None Include="Helmet.dds">
      <Filter>Resource Files\Texture</Filter>
    </None>
    <None Include="Pack.dds">
      <Filter>Resource Files\Texture</Filter>
    </None>
    <None Include="Weapons.dds">
      <Filter>Resource Files\Texture</Filter>
    </None>
    <None Include="Dwarf.x">
      <Filter>Resource Files\Models</Filter>
    </None>
    <None Include="House.X">
      <Filter>Resource Files\Models</Filter>
    </None>
  </ItemGroup>
</Project>